
Microsoft Visual Studio Solution File, Format Version 12.00
# Visual Studio Version 17
VisualStudioVersion = 17.7.34031.279
MinimumVisualStudioVersion = 10.0.40219.1
Project("{8BC9CEB8-8B4A-11D0-8D11-00A0C91BC942}") = "cpp1_4", "cpp1_4\cpp1_4.vcxproj", "{29BD395A-7DE6-4C76-9853-E95F52EF16F7}"
EndProject
Project("{8BC9CEB8-8B4A-11D0-8D11-00A0C91BC942}") = "Cpp1_5", "Cpp1_5\Cpp1_5.vcxproj", "{314B2E15-212F-45F5-B427-7A92F6D9D48A}"
EndProject
Project("{8BC9CEB8-8B4A-11D0-8D11-00A0C91BC942}") = "cin", "cin\cin.vcxproj", "{A7E52F9E-78BC-421C-8EC8-D6725905F4F4}"
EndProject
Project("{8BC9CEB8-8B4A-11D0-8D11-00A0C91BC942}") = "Cpp1_6", "Cpp1_6\Cpp1_6.vcxproj", "{B1FF52AB-FEEB-46AF-A2A1-3DBBEC56E9BA}"
EndProject
Project("{8BC9CEB8-8B4A-11D0-8D11-00A0C91BC942}") = "Cpp4_1", "Cpp4_1\Cpp4_1.vcxproj", "{A51B6038-E59D-49E0-B86E-04957226C6C2}"
EndProject
Project("{8BC9CEB8-8B4A-11D0-8D11-00A0C91BC942}") = "Cpp6_1", "Cpp6_1\Cpp6_1.vcxproj", "{FEFBC8B5-057F-4AC3-8C1E-82A25E5E09F0}"
EndProject
Project("{8BC9CEB8-8B4A-11D0-8D11-00A0C91BC942}") = "Cpp6_2", "Cpp6_2\Cpp6_2.vcxproj", "{61D40AE6-0B65-4684-BFF8-DEC02BF5125A}"
EndProject
Project("{8BC9CEB8-8B4A-11D0-8D11-00A0C91BC942}") = "Cpp6_4", "Cpp6_4\Cpp6_4.vcxproj", "{0CAE4FEA-BF3F-49C0-951F-ECF47D71C3B5}"
EndProject
Project("{8BC9CEB8-8B4A-11D0-8D11-00A0C91BC942}") = "Cpp6_5", "Cpp6_5\Cpp6_5.vcxproj", "{348A9716-4A3D-4135-BEF5-551D5E8DDE18}"
EndProject
Project("{8BC9CEB8-8B4A-11D0-8D11-00A0C91BC942}") = "Cpp6_6", "Cpp6_6\Cpp6_6.vcxproj", "{2E3185E4-487E-4C97-AE96-15175EA2D959}"
EndProject
Project("{8BC9CEB8-8B4A-11D0-8D11-00A0C91BC942}") = "Cpp6_789", "Cpp6_789\Cpp6_789.vcxproj", "{650E2B9B-9056-45DC-BF3A-E6BA52B22E34}"
EndProject
Project("{8BC9CEB8-8B4A-11D0-8D11-00A0C91BC942}") = "Cpp7", "Cpp7\Cpp7.vcxproj", "{D5087524-3536-44DB-86B8-159B9AB44C44}"
EndProject
Global
	GlobalSection(SolutionConfigurationPlatforms) = preSolution
		Debug|x64 = Debug|x64
		Debug|x86 = Debug|x86
		Release|x64 = Release|x64
		Release|x86 = Release|x86
	EndGlobalSection
	GlobalSection(ProjectConfigurationPlatforms) = postSolution
		{29BD395A-7DE6-4C76-9853-E95F52EF16F7}.Debug|x64.ActiveCfg = Debug|x64
		{29BD395A-7DE6-4C76-9853-E95F52EF16F7}.Debug|x64.Build.0 = Debug|x64
		{29BD395A-7DE6-4C76-9853-E95F52EF16F7}.Debug|x86.ActiveCfg = Debug|Win32
		{29BD395A-7DE6-4C76-9853-E95F52EF16F7}.Debug|x86.Build.0 = Debug|Win32
		{29BD395A-7DE6-4C76-9853-E95F52EF16F7}.Release|x64.ActiveCfg = Release|x64
		{29BD395A-7DE6-4C76-9853-E95F52EF16F7}.Release|x64.Build.0 = Release|x64
		{29BD395A-7DE6-4C76-9853-E95F52EF16F7}.Release|x86.ActiveCfg = Release|Win32
		{29BD395A-7DE6-4C76-9853-E95F52EF16F7}.Release|x86.Build.0 = Release|Win32
		{314B2E15-212F-45F5-B427-7A92F6D9D48A}.Debug|x64.ActiveCfg = Debug|x64
		{314B2E15-212F-45F5-B427-7A92F6D9D48A}.Debug|x64.Build.0 = Debug|x64
		{314B2E15-212F-45F5-B427-7A92F6D9D48A}.Debug|x86.ActiveCfg = Debug|Win32
		{314B2E15-212F-45F5-B427-7A92F6D9D48A}.Debug|x86.Build.0 = Debug|Win32
		{314B2E15-212F-45F5-B427-7A92F6D9D48A}.Release|x64.ActiveCfg = Release|x64
		{314B2E15-212F-45F5-B427-7A92F6D9D48A}.Release|x64.Build.0 = Release|x64
		{314B2E15-212F-45F5-B427-7A92F6D9D48A}.Release|x86.ActiveCfg = Release|Win32
		{314B2E15-212F-45F5-B427-7A92F6D9D48A}.Release|x86.Build.0 = Release|Win32
		{A7E52F9E-78BC-421C-8EC8-D6725905F4F4}.Debug|x64.ActiveCfg = Debug|x64
		{A7E52F9E-78BC-421C-8EC8-D6725905F4F4}.Debug|x64.Build.0 = Debug|x64
		{A7E52F9E-78BC-421C-8EC8-D6725905F4F4}.Debug|x86.ActiveCfg = Debug|Win32
		{A7E52F9E-78BC-421C-8EC8-D6725905F4F4}.Debug|x86.Build.0 = Debug|Win32
		{A7E52F9E-78BC-421C-8EC8-D6725905F4F4}.Release|x64.ActiveCfg = Release|x64
		{A7E52F9E-78BC-421C-8EC8-D6725905F4F4}.Release|x64.Build.0 = Release|x64
		{A7E52F9E-78BC-421C-8EC8-D6725905F4F4}.Release|x86.ActiveCfg = Release|Win32
		{A7E52F9E-78BC-421C-8EC8-D6725905F4F4}.Release|x86.Build.0 = Release|Win32
		{B1FF52AB-FEEB-46AF-A2A1-3DBBEC56E9BA}.Debug|x64.ActiveCfg = Debug|x64
		{B1FF52AB-FEEB-46AF-A2A1-3DBBEC56E9BA}.Debug|x64.Build.0 = Debug|x64
		{B1FF52AB-FEEB-46AF-A2A1-3DBBEC56E9BA}.Debug|x86.ActiveCfg = Debug|Win32
		{B1FF52AB-FEEB-46AF-A2A1-3DBBEC56E9BA}.Debug|x86.Build.0 = Debug|Win32
		{B1FF52AB-FEEB-46AF-A2A1-3DBBEC56E9BA}.Release|x64.ActiveCfg = Release|x64
		{B1FF52AB-FEEB-46AF-A2A1-3DBBEC56E9BA}.Release|x64.Build.0 = Release|x64
		{B1FF52AB-FEEB-46AF-A2A1-3DBBEC56E9BA}.Release|x86.ActiveCfg = Release|Win32
		{B1FF52AB-FEEB-46AF-A2A1-3DBBEC56E9BA}.Release|x86.Build.0 = Release|Win32
		{A51B6038-E59D-49E0-B86E-04957226C6C2}.Debug|x64.ActiveCfg = Debug|x64
		{A51B6038-E59D-49E0-B86E-04957226C6C2}.Debug|x64.Build.0 = Debug|x64
		{A51B6038-E59D-49E0-B86E-04957226C6C2}.Debug|x86.ActiveCfg = Debug|Win32
		{A51B6038-E59D-49E0-B86E-04957226C6C2}.Debug|x86.Build.0 = Debug|Win32
		{A51B6038-E59D-49E0-B86E-04957226C6C2}.Release|x64.ActiveCfg = Release|x64
		{A51B6038-E59D-49E0-B86E-04957226C6C2}.Release|x64.Build.0 = Release|x64
		{A51B6038-E59D-49E0-B86E-04957226C6C2}.Release|x86.ActiveCfg = Release|Win32
		{A51B6038-E59D-49E0-B86E-04957226C6C2}.Release|x86.Build.0 = Release|Win32
		{FEFBC8B5-057F-4AC3-8C1E-82A25E5E09F0}.Debug|x64.ActiveCfg = Debug|x64
		{FEFBC8B5-057F-4AC3-8C1E-82A25E5E09F0}.Debug|x64.Build.0 = Debug|x64
		{FEFBC8B5-057F-4AC3-8C1E-82A25E5E09F0}.Debug|x86.ActiveCfg = Debug|Win32
		{FEFBC8B5-057F-4AC3-8C1E-82A25E5E09F0}.Debug|x86.Build.0 = Debug|Win32
		{FEFBC8B5-057F-4AC3-8C1E-82A25E5E09F0}.Release|x64.ActiveCfg = Release|x64
		{FEFBC8B5-057F-4AC3-8C1E-82A25E5E09F0}.Release|x64.Build.0 = Release|x64
		{FEFBC8B5-057F-4AC3-8C1E-82A25E5E09F0}.Release|x86.ActiveCfg = Release|Win32
		{FEFBC8B5-057F-4AC3-8C1E-82A25E5E09F0}.Release|x86.Build.0 = Release|Win32
		{61D40AE6-0B65-4684-BFF8-DEC02BF5125A}.Debug|x64.ActiveCfg = Debug|x64
		{61D40AE6-0B65-4684-BFF8-DEC02BF5125A}.Debug|x64.Build.0 = Debug|x64
		{61D40AE6-0B65-4684-BFF8-DEC02BF5125A}.Debug|x86.ActiveCfg = Debug|Win32
		{61D40AE6-0B65-4684-BFF8-DEC02BF5125A}.Debug|x86.Build.0 = Debug|Win32
		{61D40AE6-0B65-4684-BFF8-DEC02BF5125A}.Release|x64.ActiveCfg = Release|x64
		{61D40AE6-0B65-4684-BFF8-DEC02BF5125A}.Release|x64.Build.0 = Release|x64
		{61D40AE6-0B65-4684-BFF8-DEC02BF5125A}.Release|x86.ActiveCfg = Release|Win32
		{61D40AE6-0B65-4684-BFF8-DEC02BF5125A}.Release|x86.Build.0 = Release|Win32
		{0CAE4FEA-BF3F-49C0-951F-ECF47D71C3B5}.Debug|x64.ActiveCfg = Debug|x64
		{0CAE4FEA-BF3F-49C0-951F-ECF47D71C3B5}.Debug|x64.Build.0 = Debug|x64
		{0CAE4FEA-BF3F-49C0-951F-ECF47D71C3B5}.Debug|x86.ActiveCfg = Debug|Win32
		{0CAE4FEA-BF3F-49C0-951F-ECF47D71C3B5}.Debug|x86.Build.0 = Debug|Win32
		{0CAE4FEA-BF3F-49C0-951F-ECF47D71C3B5}.Release|x64.ActiveCfg = Release|x64
		{0CAE4FEA-BF3F-49C0-951F-ECF47D71C3B5}.Release|x64.Build.0 = Release|x64
		{0CAE4FEA-BF3F-49C0-951F-ECF47D71C3B5}.Release|x86.ActiveCfg = Release|Win32
		{0CAE4FEA-BF3F-49C0-951F-ECF47D71C3B5}.Release|x86.Build.0 = Release|Win32
		{348A9716-4A3D-4135-BEF5-551D5E8DDE18}.Debug|x64.ActiveCfg = Debug|x64
		{348A9716-4A3D-4135-BEF5-551D5E8DDE18}.Debug|x64.Build.0 = Debug|x64
		{348A9716-4A3D-4135-BEF5-551D5E8DDE18}.Debug|x86.ActiveCfg = Debug|Win32
		{348A9716-4A3D-4135-BEF5-551D5E8DDE18}.Debug|x86.Build.0 = Debug|Win32
		{348A9716-4A3D-4135-BEF5-551D5E8DDE18}.Release|x64.ActiveCfg = Release|x64
		{348A9716-4A3D-4135-BEF5-551D5E8DDE18}.Release|x64.Build.0 = Release|x64
		{348A9716-4A3D-4135-BEF5-551D5E8DDE18}.Release|x86.ActiveCfg = Release|Win32
		{348A9716-4A3D-4135-BEF5-551D5E8DDE18}.Release|x86.Build.0 = Release|Win32
		{2E3185E4-487E-4C97-AE96-15175EA2D959}.Debug|x64.ActiveCfg = Debug|x64
		{2E3185E4-487E-4C97-AE96-15175EA2D959}.Debug|x64.Build.0 = Debug|x64
		{2E3185E4-487E-4C97-AE96-15175EA2D959}.Debug|x86.ActiveCfg = Debug|Win32
		{2E3185E4-487E-4C97-AE96-15175EA2D959}.Debug|x86.Build.0 = Debug|Win32
		{2E3185E4-487E-4C97-AE96-15175EA2D959}.Release|x64.ActiveCfg = Release|x64
		{2E3185E4-487E-4C97-AE96-15175EA2D959}.Release|x64.Build.0 = Release|x64
		{2E3185E4-487E-4C97-AE96-15175EA2D959}.Release|x86.ActiveCfg = Release|Win32
		{2E3185E4-487E-4C97-AE96-15175EA2D959}.Release|x86.Build.0 = Release|Win32
		{650E2B9B-9056-45DC-BF3A-E6BA52B22E34}.Debug|x64.ActiveCfg = Debug|x64
		{650E2B9B-9056-45DC-BF3A-E6BA52B22E34}.Debug|x64.Build.0 = Debug|x64
		{650E2B9B-9056-45DC-BF3A-E6BA52B22E34}.Debug|x86.ActiveCfg = Debug|Win32
		{650E2B9B-9056-45DC-BF3A-E6BA52B22E34}.Debug|x86.Build.0 = Debug|Win32
		{650E2B9B-9056-45DC-BF3A-E6BA52B22E34}.Release|x64.ActiveCfg = Release|x64
		{650E2B9B-9056-45DC-BF3A-E6BA52B22E34}.Release|x64.Build.0 = Release|x64
		{650E2B9B-9056-45DC-BF3A-E6BA52B22E34}.Release|x86.ActiveCfg = Release|Win32
		{650E2B9B-9056-45DC-BF3A-E6BA52B22E34}.Release|x86.Build.0 = Release|Win32
		{D5087524-3536-44DB-86B8-159B9AB44C44}.Debug|x64.ActiveCfg = Debug|x64
		{D5087524-3536-44DB-86B8-159B9AB44C44}.Debug|x64.Build.0 = Debug|x64
		{D5087524-3536-44DB-86B8-159B9AB44C44}.Debug|x86.ActiveCfg = Debug|Win32
		{D5087524-3536-44DB-86B8-159B9AB44C44}.Debug|x86.Build.0 = Debug|Win32
		{D5087524-3536-44DB-86B8-159B9AB44C44}.Release|x64.ActiveCfg = Release|x64
		{D5087524-3536-44DB-86B8-159B9AB44C44}.Release|x64.Build.0 = Release|x64
		{D5087524-3536-44DB-86B8-159B9AB44C44}.Release|x86.ActiveCfg = Release|Win32
		{D5087524-3536-44DB-86B8-159B9AB44C44}.Release|x86.Build.0 = Release|Win32
	EndGlobalSection
	GlobalSection(SolutionProperties) = preSolution
		HideSolutionNode = FALSE
	EndGlobalSection
	GlobalSection(ExtensibilityGlobals) = postSolution
		SolutionGuid = {238D4DED-5EDB-498D-928D-349ACB591B9D}
	EndGlobalSection
EndGlobal
